
Microsoft Visual Studio Solution File, Format Version 12.00
# Visual Studio Version 17
VisualStudioVersion = 17.4.33213.308
MinimumVisualStudioVersion = 10.0.40219.1
Project("{9A19103F-16F7-4668-BE54-9A1E7A4F7556}") = "Recursion", "Recursion\Recursion.csproj", "{773E8C6F-739B-4380-8B82-AF637C3282F6}"
EndProject
Project("{9A19103F-16F7-4668-BE54-9A1E7A4F7556}") = "Function", "Function\Function.csproj", "{83280624-8987-42CC-8B6F-4C44036FAAFD}"
EndProject
Project("{9A19103F-16F7-4668-BE54-9A1E7A4F7556}") = "LINQ", "LINQ\LINQ.csproj", "{66580C19-29B9-496C-A0AE-22FC22DB4A5F}"
EndProject
Project("{FAE04EC0-301F-11D3-BF4B-00C04F79EFBC}") = "BasicAlgorithm", "BasicAlgorithm\BasicAlgorithm.csproj", "{4A11724F-A6A9-4DE0-A3EA-D0EA09C70FE7}"
EndProject
Global
	GlobalSection(SolutionConfigurationPlatforms) = preSolution
		Debug|Any CPU = Debug|Any CPU
		Release|Any CPU = Release|Any CPU
	EndGlobalSection
	GlobalSection(ProjectConfigurationPlatforms) = postSolution
		{773E8C6F-739B-4380-8B82-AF637C3282F6}.Debug|Any CPU.ActiveCfg = Debug|Any CPU
		{773E8C6F-739B-4380-8B82-AF637C3282F6}.Debug|Any CPU.Build.0 = Debug|Any CPU
		{773E8C6F-739B-4380-8B82-AF637C3282F6}.Release|Any CPU.ActiveCfg = Release|Any CPU
		{773E8C6F-739B-4380-8B82-AF637C3282F6}.Release|Any CPU.Build.0 = Release|Any CPU
		{83280624-8987-42CC-8B6F-4C44036FAAFD}.Debug|Any CPU.ActiveCfg = Debug|Any CPU
		{83280624-8987-42CC-8B6F-4C44036FAAFD}.Debug|Any CPU.Build.0 = Debug|Any CPU
		{83280624-8987-42CC-8B6F-4C44036FAAFD}.Release|Any CPU.ActiveCfg = Release|Any CPU
		{83280624-8987-42CC-8B6F-4C44036FAAFD}.Release|Any CPU.Build.0 = Release|Any CPU
		{66580C19-29B9-496C-A0AE-22FC22DB4A5F}.Debug|Any CPU.ActiveCfg = Debug|Any CPU
		{66580C19-29B9-496C-A0AE-22FC22DB4A5F}.Debug|Any CPU.Build.0 = Debug|Any CPU
		{66580C19-29B9-496C-A0AE-22FC22DB4A5F}.Release|Any CPU.ActiveCfg = Release|Any CPU
		{66580C19-29B9-496C-A0AE-22FC22DB4A5F}.Release|Any CPU.Build.0 = Release|Any CPU
		{4A11724F-A6A9-4DE0-A3EA-D0EA09C70FE7}.Debug|Any CPU.ActiveCfg = Debug|Any CPU
		{4A11724F-A6A9-4DE0-A3EA-D0EA09C70FE7}.Debug|Any CPU.Build.0 = Debug|Any CPU
		{4A11724F-A6A9-4DE0-A3EA-D0EA09C70FE7}.Release|Any CPU.ActiveCfg = Release|Any CPU
		{4A11724F-A6A9-4DE0-A3EA-D0EA09C70FE7}.Release|Any CPU.Build.0 = Release|Any CPU
	EndGlobalSection
	GlobalSection(SolutionProperties) = preSolution
		HideSolutionNode = FALSE
	EndGlobalSection
	GlobalSection(ExtensibilityGlobals) = postSolution
		SolutionGuid = {8D0A5D61-E48D-469D-BF4A-C508FFE3CD42}
	EndGlobalSection
EndGlobal
